
Microsoft Visual Studio Solution File, Format Version 12.00
# Visual Studio Version 17
VisualStudioVersion = 17.0.32014.148
MinimumVisualStudioVersion = 10.0.40219.1
Project("{FAE04EC0-301F-11D3-BF4B-00C04F79EFBC}") = "TeamCityDemo", "TeamCityDemo\TeamCityDemo.csproj", "{C64BC5B9-287E-404E-8541-08B618ACE381}"
EndProject
Global
	GlobalSection(SolutionConfigurationPlatforms) = preSolution
		Debug|Any CPU = Debug|Any CPU
		Release|Any CPU = Release|Any CPU
	EndGlobalSection
	GlobalSection(ProjectConfigurationPlatforms) = postSolution
		{C64BC5B9-287E-404E-8541-08B618ACE381}.Debug|Any CPU.ActiveCfg = Debug|Any CPU
		{C64BC5B9-287E-404E-8541-08B618ACE381}.Debug|Any CPU.Build.0 = Debug|Any CPU
		{C64BC5B9-287E-404E-8541-08B618ACE381}.Release|Any CPU.ActiveCfg = Release|Any CPU
		{C64BC5B9-287E-404E-8541-08B618ACE381}.Release|Any CPU.Build.0 = Release|Any CPU
	EndGlobalSection
	GlobalSection(SolutionProperties) = preSolution
		HideSolutionNode = FALSE
	EndGlobalSection
	GlobalSection(ExtensibilityGlobals) = postSolution
		SolutionGuid = {025772A1-BF16-4E85-BC7E-EDEEB289CDE6}
	EndGlobalSection
EndGlobal
